
Microsoft Visual Studio Solution File, Format Version 12.00
# Visual Studio Version 17
VisualStudioVersion = 17.0.32126.317
MinimumVisualStudioVersion = 10.0.40219.1
Project("{9A19103F-16F7-4668-BE54-9A1E7A4F7556}") = "BlazorApp", "BlazorApp\BlazorApp.csproj", "{03BF39D7-E2F9-4776-989E-22BAC81F7F1D}"
EndProject
Project("{9A19103F-16F7-4668-BE54-9A1E7A4F7556}") = "BlazorStudy", "BlazorStudy\BlazorStudy.csproj", "{3C66EB0E-D65B-4831-A1A4-88A84B1946FF}"
EndProject
Project("{9A19103F-16F7-4668-BE54-9A1E7A4F7556}") = "BlazorApp1", "BlazorApp1\BlazorApp1.csproj", "{E266B62F-CC62-4B9D-BBA7-12D552040167}"
EndProject
Project("{9A19103F-16F7-4668-BE54-9A1E7A4F7556}") = "BlazorRankingApp", "BlazorRankingApp\BlazorRankingApp.csproj", "{46EBFB2B-4DA8-49FA-9857-6C6CA0FFE516}"
EndProject
Project("{FAE04EC0-301F-11D3-BF4B-00C04F79EFBC}") = "WebAPI", "WebAPI\WebAPI.csproj", "{B57F19E5-C4F3-480C-9007-BCA14E594008}"
EndProject
Project("{FAE04EC0-301F-11D3-BF4B-00C04F79EFBC}") = "SharedData", "SharedData\SharedData.csproj", "{B165F6FE-9F0F-4423-9279-3F86CBE894AD}"
EndProject
Global
	GlobalSection(SolutionConfigurationPlatforms) = preSolution
		Debug|Any CPU = Debug|Any CPU
		Release|Any CPU = Release|Any CPU
	EndGlobalSection
	GlobalSection(ProjectConfigurationPlatforms) = postSolution
		{03BF39D7-E2F9-4776-989E-22BAC81F7F1D}.Debug|Any CPU.ActiveCfg = Debug|Any CPU
		{03BF39D7-E2F9-4776-989E-22BAC81F7F1D}.Debug|Any CPU.Build.0 = Debug|Any CPU
		{03BF39D7-E2F9-4776-989E-22BAC81F7F1D}.Release|Any CPU.ActiveCfg = Release|Any CPU
		{03BF39D7-E2F9-4776-989E-22BAC81F7F1D}.Release|Any CPU.Build.0 = Release|Any CPU
		{3C66EB0E-D65B-4831-A1A4-88A84B1946FF}.Debug|Any CPU.ActiveCfg = Debug|Any CPU
		{3C66EB0E-D65B-4831-A1A4-88A84B1946FF}.Debug|Any CPU.Build.0 = Debug|Any CPU
		{3C66EB0E-D65B-4831-A1A4-88A84B1946FF}.Release|Any CPU.ActiveCfg = Release|Any CPU
		{3C66EB0E-D65B-4831-A1A4-88A84B1946FF}.Release|Any CPU.Build.0 = Release|Any CPU
		{E266B62F-CC62-4B9D-BBA7-12D552040167}.Debug|Any CPU.ActiveCfg = Debug|Any CPU
		{E266B62F-CC62-4B9D-BBA7-12D552040167}.Debug|Any CPU.Build.0 = Debug|Any CPU
		{E266B62F-CC62-4B9D-BBA7-12D552040167}.Release|Any CPU.ActiveCfg = Release|Any CPU
		{E266B62F-CC62-4B9D-BBA7-12D552040167}.Release|Any CPU.Build.0 = Release|Any CPU
		{46EBFB2B-4DA8-49FA-9857-6C6CA0FFE516}.Debug|Any CPU.ActiveCfg = Debug|Any CPU
		{46EBFB2B-4DA8-49FA-9857-6C6CA0FFE516}.Debug|Any CPU.Build.0 = Debug|Any CPU
		{46EBFB2B-4DA8-49FA-9857-6C6CA0FFE516}.Release|Any CPU.ActiveCfg = Release|Any CPU
		{46EBFB2B-4DA8-49FA-9857-6C6CA0FFE516}.Release|Any CPU.Build.0 = Release|Any CPU
		{B57F19E5-C4F3-480C-9007-BCA14E594008}.Debug|Any CPU.ActiveCfg = Debug|Any CPU
		{B57F19E5-C4F3-480C-9007-BCA14E594008}.Debug|Any CPU.Build.0 = Debug|Any CPU
		{B57F19E5-C4F3-480C-9007-BCA14E594008}.Release|Any CPU.ActiveCfg = Release|Any CPU
		{B57F19E5-C4F3-480C-9007-BCA14E594008}.Release|Any CPU.Build.0 = Release|Any CPU
		{B165F6FE-9F0F-4423-9279-3F86CBE894AD}.Debug|Any CPU.ActiveCfg = Debug|Any CPU
		{B165F6FE-9F0F-4423-9279-3F86CBE894AD}.Debug|Any CPU.Build.0 = Debug|Any CPU
		{B165F6FE-9F0F-4423-9279-3F86CBE894AD}.Release|Any CPU.ActiveCfg = Release|Any CPU
		{B165F6FE-9F0F-4423-9279-3F86CBE894AD}.Release|Any CPU.Build.0 = Release|Any CPU
	EndGlobalSection
	GlobalSection(SolutionProperties) = preSolution
		HideSolutionNode = FALSE
	EndGlobalSection
	GlobalSection(ExtensibilityGlobals) = postSolution
		SolutionGuid = {2216E328-D8C0-42E6-B045-2C4EB63F495B}
	EndGlobalSection
EndGlobal
